{
  "name": "casl2-project",
  "version": "1.0.0",
  "lockfileVersion": 3,
  "requires": true,
  "packages": {
    "": {
      "name": "casl2-project",
      "version": "1.0.0",
      "dependencies": {
        "@maxfield/node-casl2": "^1.0.0",
        "@maxfield/node-comet2": "^1.0.0"
      }
    },
    "node_modules/@maxfield/node-casl2": {
      "version": "1.0.0",
      "resolved": "https://registry.npmjs.org/@maxfield/node-casl2/-/node-casl2-1.0.0.tgz",
      "integrity": "sha512-1xp1gOZh/LCQycPnS8dqHf5/JkHuX14od6q5nX8OQHAl3nI4axyqF1cqtinx4ukIgV2SKpx8HlMkDQm1JbCOOw==",
      "license": "MIT",
      "dependencies": {
        "@maxfield/node-casl2-comet2-common": "^1.0.0",
        "@maxfield/node-casl2-core": "^1.2.0",
        "colors": "^1.1.2"
      },
      "bin": {
        "node-casl2": "dist/src/app.js"
      }
    },
    "node_modules/@maxfield/node-casl2-comet2-common": {
      "version": "1.0.0",
      "resolved": "https://registry.npmjs.org/@maxfield/node-casl2-comet2-common/-/node-casl2-comet2-common-1.0.0.tgz",
      "integrity": "sha512-JLtkW+3sFJlQNLrSyz5ZJYg1bPbBRoFK500X2zUJ50giZi9hhcM63ojdCGh4qrVeylE7k92EuzUfC2gbXWLFww==",
      "license": "MIT",
      "dependencies": {
        "lodash": "^4.17.4"
      }
    },
    "node_modules/@maxfield/node-casl2-comet2-core-common": {
      "version": "1.0.0",
      "resolved": "https://registry.npmjs.org/@maxfield/node-casl2-comet2-core-common/-/node-casl2-comet2-core-common-1.0.0.tgz",
      "integrity": "sha512-NU+ohXDnnt5jFyCVgBTYTvHH8SMPK1A8EBvaaRVk8Qs1vH4umiyeItNPmupPcBb4QHG2mVuzqlzipE8TJBmRiQ==",
      "license": "MIT"
    },
    "node_modules/@maxfield/node-casl2-core": {
      "version": "1.2.0",
      "resolved": "https://registry.npmjs.org/@maxfield/node-casl2-core/-/node-casl2-core-1.2.0.tgz",
      "integrity": "sha512-9OWSzCcl139pPXRbbnoIRYt6YmclOSRS7eG0pyB+yO3FCVfpBBknciNTN42+w1GAnhs6Dzcts9tkdyvRrH+7sw==",
      "license": "MIT",
      "dependencies": {
        "@maxfield/node-casl2-comet2-core-common": "^1.0.0"
      }
    },
    "node_modules/@maxfield/node-comet2": {
      "version": "1.0.0",
      "resolved": "https://registry.npmjs.org/@maxfield/node-comet2/-/node-comet2-1.0.0.tgz",
      "integrity": "sha512-BPC4ZIRcUQNeagldAX2IKgvFc7JaRD+1Z92Hhv6EuIA2O+/q4l2M+8Pe5cDNXjsM5+8kdk1PDr9KGzJWMOoylw==",
      "license": "MIT",
      "dependencies": {
        "@maxfield/node-casl2-comet2-common": "^1.0.0",
        "@maxfield/node-casl2-comet2-core-common": "1.0.0",
        "@maxfield/node-comet2-core": "^1.0.0",
        "colors": "^1.1.2",
        "immutable": "^3.8.1",
        "lodash": "^4.17.4",
        "readline-sync": "^1.4.6"
      },
      "bin": {
        "node-comet2": "dist/src/app.js"
      }
    },
    "node_modules/@maxfield/node-comet2-core": {
      "version": "1.0.1",
      "resolved": "https://registry.npmjs.org/@maxfield/node-comet2-core/-/node-comet2-core-1.0.1.tgz",
      "integrity": "sha512-cLugrSzqds0TT05BwFWgfTEkDzYh93Li5ePuPoH9NMLw82PlKHmTz6b9C6Fl/TTgkayOu6izxF+2G4XQWk1bmg==",
      "license": "MIT",
      "dependencies": {
        "@maxfield/node-casl2-comet2-core-common": "^1.0.1",
        "immutable": "^3.8.1",
        "readline-sync": "^1.4.6"
      }
    },
    "node_modules/@maxfield/node-comet2-core/node_modules/@maxfield/node-casl2-comet2-core-common": {
      "version": "1.0.1",
      "resolved": "https://registry.npmjs.org/@maxfield/node-casl2-comet2-core-common/-/node-casl2-comet2-core-common-1.0.1.tgz",
      "integrity": "sha512-p2NB9kya0hbxMMTlKv7XGTFEolKWgNk0CTSm7pm2VuMfJl9WpuoEADtNDuqWG7xP1lbJjX1dUuOKK7K5+Qzd7A==",
      "license": "MIT"
    },
    "node_modules/colors": {
      "version": "1.4.0",
      "resolved": "https://registry.npmjs.org/colors/-/colors-1.4.0.tgz",
      "integrity": "sha512-a+UqTh4kgZg/SlGvfbzDHpgRu7AAQOmmqRHJnxhRZICKFUT91brVhNNt58CMWU9PsBbv3PDCZUHbVxuDiH2mtA==",
      "license": "MIT",
      "engines": {
        "node": ">=0.1.90"
      }
    },
    "node_modules/immutable": {
      "version": "3.8.2",
      "resolved": "https://registry.npmjs.org/immutable/-/immutable-3.8.2.tgz",
      "integrity": "sha512-15gZoQ38eYjEjxkorfbcgBKBL6R7T459OuK+CpcWt7O3KF4uPCx2tD0uFETlUDIyo+1789crbMhTvQBSR5yBMg==",
      "license": "MIT",
      "engines": {
        "node": ">=0.10.0"
      }
    },
    "node_modules/lodash": {
      "version": "4.17.21",
      "resolved": "https://registry.npmjs.org/lodash/-/lodash-4.17.21.tgz",
      "integrity": "sha512-v2kDEe57lecTulaDIuNTPy3Ry4gLGJ6Z1O3vE1krgXZNrsQ+LFTGHVxVjcXPs17LhbZVGedAJv8XZ1tvj5FvSg==",
      "license": "MIT"
    },
    "node_modules/readline-sync": {
      "version": "1.4.10",
      "resolved": "https://registry.npmjs.org/readline-sync/-/readline-sync-1.4.10.tgz",
      "integrity": "sha512-gNva8/6UAe8QYepIQH/jQ2qn91Qj0B9sYjMBBs3QOB8F2CXcKgLxQaJRP76sWVRQt+QU+8fAkCbCvjjMFu7Ycw==",
      "license": "MIT",
      "engines": {
        "node": ">= 0.8.0"
      }
    }
  }
}
